PODS:
  - DynamicColor (2.4.0)
  - Sugar (1.2.0)
  - Whisper (2.1)

DEPENDENCIES:
  - DynamicColor (~> 2.0)
  - Sugar (~> 1.0)
  - Whisper (~> 2.0)

SPEC CHECKSUMS:
  DynamicColor: 2f3fd61053684667bad9f03045dcf9a2a5a007ea
  Sugar: 556b623f0f8846cf08de7302701892f11d567419
  Whisper: 18b574de21a089c0d664b115f26e0d9ccbbadbab

PODFILE CHECKSUM: 82fc94b88e4078f2e6b33bd427f67b82284c4b3b

COCOAPODS: 1.1.0.rc.2
