PODS:
  - DynamicColor (2.4.0)
  - Sugar (1.1.1)
  - Whisper (2.1)

DEPENDENCIES:
  - DynamicColor (~> 2.0)
  - Sugar (~> 1.0)
  - Whisper (~> 2.0)

SPEC CHECKSUMS:
  DynamicColor: 2f3fd61053684667bad9f03045dcf9a2a5a007ea
  Sugar: bed396c924fd089feee7c780778cca2a124f580c
  Whisper: 18b574de21a089c0d664b115f26e0d9ccbbadbab

COCOAPODS: 0.39.0
