PODS:
  - Sugar (1.2.0)
  - Whisper (3.1.1)

DEPENDENCIES:
  - Sugar (from `https://github.com/hyperoslo/Sugar`, branch `swift-2.3`)
  - Whisper (~> 3.0)

EXTERNAL SOURCES:
  Sugar:
    :branch: swift-2.3
    :git: https://github.com/hyperoslo/Sugar

CHECKOUT OPTIONS:
  Sugar:
    :commit: d75ec0a674d31b5b24258ce8fdfccd093e479b99
    :git: https://github.com/hyperoslo/Sugar

SPEC CHECKSUMS:
  Sugar: 556b623f0f8846cf08de7302701892f11d567419
  Whisper: 74decae53daf8caff5acf8628e24b92d3f05a453

PODFILE CHECKSUM: d1fb69b781ec364391d8c66c7b1634f924a97ce2

COCOAPODS: 1.1.0.rc.2
